
Microsoft Visual Studio Solution File, Format Version 12.00
# Visual Studio 15
VisualStudioVersion = 15.0.28307.136
MinimumVisualStudioVersion = 10.0.40219.1
Project("{FAE04EC0-301F-11D3-BF4B-00C04F79EFBC}") = "CollectionsTest", "CollectionsTest\CollectionsTest.csproj", "{4EFB08DF-DBEF-421A-9148-4EA4E6760CFB}"
EndProject
Global
	GlobalSection(SolutionConfigurationPlatforms) = preSolution
		Debug|Any CPU = Debug|Any CPU
		Release|Any CPU = Release|Any CPU
	EndGlobalSection
	GlobalSection(ProjectConfigurationPlatforms) = postSolution
		{4EFB08DF-DBEF-421A-9148-4EA4E6760CFB}.Debug|Any CPU.ActiveCfg = Debug|Any CPU
		{4EFB08DF-DBEF-421A-9148-4EA4E6760CFB}.Debug|Any CPU.Build.0 = Debug|Any CPU
		{4EFB08DF-DBEF-421A-9148-4EA4E6760CFB}.Release|Any CPU.ActiveCfg = Release|Any CPU
		{4EFB08DF-DBEF-421A-9148-4EA4E6760CFB}.Release|Any CPU.Build.0 = Release|Any CPU
	EndGlobalSection
	GlobalSection(SolutionProperties) = preSolution
		HideSolutionNode = FALSE
	EndGlobalSection
	GlobalSection(ExtensibilityGlobals) = postSolution
		SolutionGuid = {1E7CAE3C-E6E1-4B43-A99E-5563096D4B41}
	EndGlobalSection
EndGlobal
